
Microsoft Visual Studio Solution File, Format Version 12.00
# Visual Studio Version 17
VisualStudioVersion = 17.0.32126.317
MinimumVisualStudioVersion = 10.0.40219.1
Project("{FAE04EC0-301F-11D3-BF4B-00C04F79EFBC}") = "ExamenDotNet", "ExamenDotNet\ExamenDotNet.csproj", "{FD7A14A5-60C3-47CB-B4A3-FB500885C631}"
EndProject
Global
	GlobalSection(SolutionConfigurationPlatforms) = preSolution
		Debug|Any CPU = Debug|Any CPU
		Release|Any CPU = Release|Any CPU
	EndGlobalSection
	GlobalSection(ProjectConfigurationPlatforms) = postSolution
		{FD7A14A5-60C3-47CB-B4A3-FB500885C631}.Debug|Any CPU.ActiveCfg = Debug|Any CPU
		{FD7A14A5-60C3-47CB-B4A3-FB500885C631}.Debug|Any CPU.Build.0 = Debug|Any CPU
		{FD7A14A5-60C3-47CB-B4A3-FB500885C631}.Release|Any CPU.ActiveCfg = Release|Any CPU
		{FD7A14A5-60C3-47CB-B4A3-FB500885C631}.Release|Any CPU.Build.0 = Release|Any CPU
	EndGlobalSection
	GlobalSection(SolutionProperties) = preSolution
		HideSolutionNode = FALSE
	EndGlobalSection
	GlobalSection(ExtensibilityGlobals) = postSolution
		SolutionGuid = {D305362E-FB78-476F-95E4-1227FA8E12C5}
	EndGlobalSection
EndGlobal
